
Microsoft Visual Studio Solution File, Format Version 12.00
# Visual Studio Version 17
VisualStudioVersion = 17.2.32616.157
MinimumVisualStudioVersion = 10.0.40219.1
Project("{FAE04EC0-301F-11D3-BF4B-00C04F79EFBC}") = "TimeTaskDns", "TimeTaskDns\TimeTaskDns.csproj", "{02C0B92D-68E0-4ED4-962D-5D784CF93FE7}"
EndProject
Project("{FAE04EC0-301F-11D3-BF4B-00C04F79EFBC}") = "ConsoleApp1", "ConsoleApp1\ConsoleApp1.csproj", "{31D8E869-62E2-47D7-B263-915A84FEFF6D}"
EndProject
Global
	GlobalSection(SolutionConfigurationPlatforms) = preSolution
		Debug|Any CPU = Debug|Any CPU
		Release|Any CPU = Release|Any CPU
	EndGlobalSection
	GlobalSection(ProjectConfigurationPlatforms) = postSolution
		{02C0B92D-68E0-4ED4-962D-5D784CF93FE7}.Debug|Any CPU.ActiveCfg = Debug|Any CPU
		{02C0B92D-68E0-4ED4-962D-5D784CF93FE7}.Debug|Any CPU.Build.0 = Debug|Any CPU
		{02C0B92D-68E0-4ED4-962D-5D784CF93FE7}.Release|Any CPU.ActiveCfg = Release|Any CPU
		{02C0B92D-68E0-4ED4-962D-5D784CF93FE7}.Release|Any CPU.Build.0 = Release|Any CPU
		{31D8E869-62E2-47D7-B263-915A84FEFF6D}.Debug|Any CPU.ActiveCfg = Debug|Any CPU
		{31D8E869-62E2-47D7-B263-915A84FEFF6D}.Debug|Any CPU.Build.0 = Debug|Any CPU
		{31D8E869-62E2-47D7-B263-915A84FEFF6D}.Release|Any CPU.ActiveCfg = Release|Any CPU
		{31D8E869-62E2-47D7-B263-915A84FEFF6D}.Release|Any CPU.Build.0 = Release|Any CPU
	EndGlobalSection
	GlobalSection(SolutionProperties) = preSolution
		HideSolutionNode = FALSE
	EndGlobalSection
	GlobalSection(ExtensibilityGlobals) = postSolution
		SolutionGuid = {E599CB59-E04D-42A1-BED7-82B4CF056A15}
	EndGlobalSection
EndGlobal
